
Microsoft Visual Studio Solution File, Format Version 12.00
# Visual Studio Version 16
VisualStudioVersion = 16.0.31424.327
MinimumVisualStudioVersion = 10.0.40219.1
Project("{FAE04EC0-301F-11D3-BF4B-00C04F79EFBC}") = "Primeira Aplicação", "PrimeiraAplicação\Primeira Aplicação.csproj", "{6E26424A-896E-4550-8CA2-7127A35F8EAB}"
EndProject
Global
	GlobalSection(SolutionConfigurationPlatforms) = preSolution
		Debug|Any CPU = Debug|Any CPU
		Release|Any CPU = Release|Any CPU
	EndGlobalSection
	GlobalSection(ProjectConfigurationPlatforms) = postSolution
		{6E26424A-896E-4550-8CA2-7127A35F8EAB}.Debug|Any CPU.ActiveCfg = Debug|Any CPU
		{6E26424A-896E-4550-8CA2-7127A35F8EAB}.Debug|Any CPU.Build.0 = Debug|Any CPU
		{6E26424A-896E-4550-8CA2-7127A35F8EAB}.Release|Any CPU.ActiveCfg = Release|Any CPU
		{6E26424A-896E-4550-8CA2-7127A35F8EAB}.Release|Any CPU.Build.0 = Release|Any CPU
	EndGlobalSection
	GlobalSection(SolutionProperties) = preSolution
		HideSolutionNode = FALSE
	EndGlobalSection
	GlobalSection(ExtensibilityGlobals) = postSolution
		SolutionGuid = {EDE6982E-160D-41A6-829D-44CB11AFEF9C}
	EndGlobalSection
EndGlobal
